Microsoft Visual Studio Solution File, Format Version 12.00
# Visual Studio 2013
Project("{8BC9CEB8-8B4A-11D0-8D11-00A0C91BC942}") = "ALL_BUILD", "ALL_BUILD.vcxproj", "{7E99F9D6-AA89-3A51-8693-1093743CC705}"
	ProjectSection(ProjectDependencies) = postProject
		{584C447E-34B1-36AB-BE03-F4BD539D9351} = {584C447E-34B1-36AB-BE03-F4BD539D9351}
		{4FBB6F88-FFEC-3B15-B5E7-180B865D52E1} = {4FBB6F88-FFEC-3B15-B5E7-180B865D52E1}
		{C748AAA4-C10A-3DF9-8831-FBC03380A343} = {C748AAA4-C10A-3DF9-8831-FBC03380A343}
		{02EBE5DD-D805-3A5D-840F-FB9853FC41C4} = {02EBE5DD-D805-3A5D-840F-FB9853FC41C4}
		{08F2613D-8653-34E0-B8B6-6A5FFE8BDE8E} = {08F2613D-8653-34E0-B8B6-6A5FFE8BDE8E}
		{D7841211-E31A-352A-98D6-1209F7B0203B} = {D7841211-E31A-352A-98D6-1209F7B0203B}
		{B95C4E1F-959E-3892-A230-7EB4D791F667} = {B95C4E1F-959E-3892-A230-7EB4D791F667}
		{C7C5B950-F97C-32EF-A930-AB2D96A894A9} = {C7C5B950-F97C-32EF-A930-AB2D96A894A9}
		{0631A9AB-4ABE-3EB3-B691-A09F3A7D6C53} = {0631A9AB-4ABE-3EB3-B691-A09F3A7D6C53}
	EndProjectSection
EndProject
Project("{8BC9CEB8-8B4A-11D0-8D11-00A0C91BC942}") = "Continuous", "Continuous.vcxproj", "{820AEBA9-8534-3B12-B6A9-D18A7EBD8D36}"
	ProjectSection(ProjectDependencies) = postProject
		{584C447E-34B1-36AB-BE03-F4BD539D9351} = {584C447E-34B1-36AB-BE03-F4BD539D9351}
	EndProjectSection
EndProject
Project("{8BC9CEB8-8B4A-11D0-8D11-00A0C91BC942}") = "Experimental", "Experimental.vcxproj", "{5ABF5899-7236-3A28-A90E-13F3AB7B6C9D}"
	ProjectSection(ProjectDependencies) = postProject
		{584C447E-34B1-36AB-BE03-F4BD539D9351} = {584C447E-34B1-36AB-BE03-F4BD539D9351}
	EndProjectSection
EndProject
Project("{8BC9CEB8-8B4A-11D0-8D11-00A0C91BC942}") = "INSTALL", "INSTALL.vcxproj", "{9EF61DD0-7DE1-3C62-A476-34E16C57181B}"
	ProjectSection(ProjectDependencies) = postProject
		{7E99F9D6-AA89-3A51-8693-1093743CC705} = {7E99F9D6-AA89-3A51-8693-1093743CC705}
		{584C447E-34B1-36AB-BE03-F4BD539D9351} = {584C447E-34B1-36AB-BE03-F4BD539D9351}
	EndProjectSection
EndProject
Project("{8BC9CEB8-8B4A-11D0-8D11-00A0C91BC942}") = "Nightly", "Nightly.vcxproj", "{9E514ED7-B4B1-3B84-89F4-C7DA61BE33B2}"
	ProjectSection(ProjectDependencies) = postProject
		{584C447E-34B1-36AB-BE03-F4BD539D9351} = {584C447E-34B1-36AB-BE03-F4BD539D9351}
	EndProjectSection
EndProject
Project("{8BC9CEB8-8B4A-11D0-8D11-00A0C91BC942}") = "NightlyMemoryCheck", "NightlyMemoryCheck.vcxproj", "{9038E0C8-E5FB-313E-AD7E-48852B46AC9D}"
	ProjectSection(ProjectDependencies) = postProject
		{584C447E-34B1-36AB-BE03-F4BD539D9351} = {584C447E-34B1-36AB-BE03-F4BD539D9351}
	EndProjectSection
EndProject
Project("{8BC9CEB8-8B4A-11D0-8D11-00A0C91BC942}") = "PACKAGE", "PACKAGE.vcxproj", "{23287B68-F2DC-3133-851A-675ADCA3A409}"
	ProjectSection(ProjectDependencies) = postProject
		{7E99F9D6-AA89-3A51-8693-1093743CC705} = {7E99F9D6-AA89-3A51-8693-1093743CC705}
		{584C447E-34B1-36AB-BE03-F4BD539D9351} = {584C447E-34B1-36AB-BE03-F4BD539D9351}
	EndProjectSection
EndProject
Project("{8BC9CEB8-8B4A-11D0-8D11-00A0C91BC942}") = "RUN_TESTS", "RUN_TESTS.vcxproj", "{4AAEF315-7EAB-36E9-AA0B-0EDE0A7CED4E}"
	ProjectSection(ProjectDependencies) = postProject
		{584C447E-34B1-36AB-BE03-F4BD539D9351} = {584C447E-34B1-36AB-BE03-F4BD539D9351}
	EndProjectSection
EndProject
Project("{8BC9CEB8-8B4A-11D0-8D11-00A0C91BC942}") = "ZERO_CHECK", "ZERO_CHECK.vcxproj", "{584C447E-34B1-36AB-BE03-F4BD539D9351}"
	ProjectSection(ProjectDependencies) = postProject
	EndProjectSection
EndProject
Project("{8BC9CEB8-8B4A-11D0-8D11-00A0C91BC942}") = "demangle_unittest", "demangle_unittest.vcxproj", "{4FBB6F88-FFEC-3B15-B5E7-180B865D52E1}"
	ProjectSection(ProjectDependencies) = postProject
		{584C447E-34B1-36AB-BE03-F4BD539D9351} = {584C447E-34B1-36AB-BE03-F4BD539D9351}
		{C748AAA4-C10A-3DF9-8831-FBC03380A343} = {C748AAA4-C10A-3DF9-8831-FBC03380A343}
	EndProjectSection
EndProject
Project("{8BC9CEB8-8B4A-11D0-8D11-00A0C91BC942}") = "glog", "glog.vcxproj", "{C748AAA4-C10A-3DF9-8831-FBC03380A343}"
	ProjectSection(ProjectDependencies) = postProject
		{584C447E-34B1-36AB-BE03-F4BD539D9351} = {584C447E-34B1-36AB-BE03-F4BD539D9351}
	EndProjectSection
EndProject
Project("{8BC9CEB8-8B4A-11D0-8D11-00A0C91BC942}") = "logging_unittest", "logging_unittest.vcxproj", "{02EBE5DD-D805-3A5D-840F-FB9853FC41C4}"
	ProjectSection(ProjectDependencies) = postProject
		{584C447E-34B1-36AB-BE03-F4BD539D9351} = {584C447E-34B1-36AB-BE03-F4BD539D9351}
		{C748AAA4-C10A-3DF9-8831-FBC03380A343} = {C748AAA4-C10A-3DF9-8831-FBC03380A343}
	EndProjectSection
EndProject
Project("{8BC9CEB8-8B4A-11D0-8D11-00A0C91BC942}") = "signalhandler_unittest", "signalhandler_unittest.vcxproj", "{08F2613D-8653-34E0-B8B6-6A5FFE8BDE8E}"
	ProjectSection(ProjectDependencies) = postProject
		{584C447E-34B1-36AB-BE03-F4BD539D9351} = {584C447E-34B1-36AB-BE03-F4BD539D9351}
		{C748AAA4-C10A-3DF9-8831-FBC03380A343} = {C748AAA4-C10A-3DF9-8831-FBC03380A343}
	EndProjectSection
EndProject
Project("{8BC9CEB8-8B4A-11D0-8D11-00A0C91BC942}") = "stacktrace_unittest", "stacktrace_unittest.vcxproj", "{D7841211-E31A-352A-98D6-1209F7B0203B}"
	ProjectSection(ProjectDependencies) = postProject
		{584C447E-34B1-36AB-BE03-F4BD539D9351} = {584C447E-34B1-36AB-BE03-F4BD539D9351}
		{C748AAA4-C10A-3DF9-8831-FBC03380A343} = {C748AAA4-C10A-3DF9-8831-FBC03380A343}
	EndProjectSection
EndProject
Project("{8BC9CEB8-8B4A-11D0-8D11-00A0C91BC942}") = "stl_logging_unittest", "stl_logging_unittest.vcxproj", "{B95C4E1F-959E-3892-A230-7EB4D791F667}"
	ProjectSection(ProjectDependencies) = postProject
		{584C447E-34B1-36AB-BE03-F4BD539D9351} = {584C447E-34B1-36AB-BE03-F4BD539D9351}
		{C748AAA4-C10A-3DF9-8831-FBC03380A343} = {C748AAA4-C10A-3DF9-8831-FBC03380A343}
	EndProjectSection
EndProject
Project("{8BC9CEB8-8B4A-11D0-8D11-00A0C91BC942}") = "symbolize_unittest", "symbolize_unittest.vcxproj", "{C7C5B950-F97C-32EF-A930-AB2D96A894A9}"
	ProjectSection(ProjectDependencies) = postProject
		{584C447E-34B1-36AB-BE03-F4BD539D9351} = {584C447E-34B1-36AB-BE03-F4BD539D9351}
		{C748AAA4-C10A-3DF9-8831-FBC03380A343} = {C748AAA4-C10A-3DF9-8831-FBC03380A343}
	EndProjectSection
EndProject
Project("{8BC9CEB8-8B4A-11D0-8D11-00A0C91BC942}") = "utilities_unittest", "utilities_unittest.vcxproj", "{0631A9AB-4ABE-3EB3-B691-A09F3A7D6C53}"
	ProjectSection(ProjectDependencies) = postProject
		{584C447E-34B1-36AB-BE03-F4BD539D9351} = {584C447E-34B1-36AB-BE03-F4BD539D9351}
		{C748AAA4-C10A-3DF9-8831-FBC03380A343} = {C748AAA4-C10A-3DF9-8831-FBC03380A343}
	EndProjectSection
EndProject
Global
	GlobalSection(SolutionConfigurationPlatforms) = preSolution
		Debug|Win32 = Debug|Win32
		Release|Win32 = Release|Win32
		MinSizeRel|Win32 = MinSizeRel|Win32
		RelWithDebInfo|Win32 = RelWithDebInfo|Win32
	EndGlobalSection
	GlobalSection(ProjectConfigurationPlatforms) = postSolution
		{7E99F9D6-AA89-3A51-8693-1093743CC705}.Debug|Win32.ActiveCfg = Debug|Win32
		{7E99F9D6-AA89-3A51-8693-1093743CC705}.Debug|Win32.Build.0 = Debug|Win32
		{7E99F9D6-AA89-3A51-8693-1093743CC705}.Release|Win32.ActiveCfg = Release|Win32
		{7E99F9D6-AA89-3A51-8693-1093743CC705}.Release|Win32.Build.0 = Release|Win32
		{7E99F9D6-AA89-3A51-8693-1093743CC705}.MinSizeRel|Win32.ActiveCfg = MinSizeRel|Win32
		{7E99F9D6-AA89-3A51-8693-1093743CC705}.MinSizeRel|Win32.Build.0 = MinSizeRel|Win32
		{7E99F9D6-AA89-3A51-8693-1093743CC705}.RelWithDebInfo|Win32.ActiveCfg = RelWithDebInfo|Win32
		{7E99F9D6-AA89-3A51-8693-1093743CC705}.RelWithDebInfo|Win32.Build.0 = RelWithDebInfo|Win32
		{820AEBA9-8534-3B12-B6A9-D18A7EBD8D36}.Debug|Win32.ActiveCfg = Debug|Win32
		{820AEBA9-8534-3B12-B6A9-D18A7EBD8D36}.Release|Win32.ActiveCfg = Release|Win32
		{820AEBA9-8534-3B12-B6A9-D18A7EBD8D36}.MinSizeRel|Win32.ActiveCfg = MinSizeRel|Win32
		{820AEBA9-8534-3B12-B6A9-D18A7EBD8D36}.RelWithDebInfo|Win32.ActiveCfg = RelWithDebInfo|Win32
		{5ABF5899-7236-3A28-A90E-13F3AB7B6C9D}.Debug|Win32.ActiveCfg = Debug|Win32
		{5ABF5899-7236-3A28-A90E-13F3AB7B6C9D}.Release|Win32.ActiveCfg = Release|Win32
		{5ABF5899-7236-3A28-A90E-13F3AB7B6C9D}.MinSizeRel|Win32.ActiveCfg = MinSizeRel|Win32
		{5ABF5899-7236-3A28-A90E-13F3AB7B6C9D}.RelWithDebInfo|Win32.ActiveCfg = RelWithDebInfo|Win32
		{9EF61DD0-7DE1-3C62-A476-34E16C57181B}.Debug|Win32.ActiveCfg = Debug|Win32
		{9EF61DD0-7DE1-3C62-A476-34E16C57181B}.Release|Win32.ActiveCfg = Release|Win32
		{9EF61DD0-7DE1-3C62-A476-34E16C57181B}.MinSizeRel|Win32.ActiveCfg = MinSizeRel|Win32
		{9EF61DD0-7DE1-3C62-A476-34E16C57181B}.RelWithDebInfo|Win32.ActiveCfg = RelWithDebInfo|Win32
		{9E514ED7-B4B1-3B84-89F4-C7DA61BE33B2}.Debug|Win32.ActiveCfg = Debug|Win32
		{9E514ED7-B4B1-3B84-89F4-C7DA61BE33B2}.Release|Win32.ActiveCfg = Release|Win32
		{9E514ED7-B4B1-3B84-89F4-C7DA61BE33B2}.MinSizeRel|Win32.ActiveCfg = MinSizeRel|Win32
		{9E514ED7-B4B1-3B84-89F4-C7DA61BE33B2}.RelWithDebInfo|Win32.ActiveCfg = RelWithDebInfo|Win32
		{9038E0C8-E5FB-313E-AD7E-48852B46AC9D}.Debug|Win32.ActiveCfg = Debug|Win32
		{9038E0C8-E5FB-313E-AD7E-48852B46AC9D}.Release|Win32.ActiveCfg = Release|Win32
		{9038E0C8-E5FB-313E-AD7E-48852B46AC9D}.MinSizeRel|Win32.ActiveCfg = MinSizeRel|Win32
		{9038E0C8-E5FB-313E-AD7E-48852B46AC9D}.RelWithDebInfo|Win32.ActiveCfg = RelWithDebInfo|Win32
		{23287B68-F2DC-3133-851A-675ADCA3A409}.Debug|Win32.ActiveCfg = Debug|Win32
		{23287B68-F2DC-3133-851A-675ADCA3A409}.Release|Win32.ActiveCfg = Release|Win32
		{23287B68-F2DC-3133-851A-675ADCA3A409}.MinSizeRel|Win32.ActiveCfg = MinSizeRel|Win32
		{23287B68-F2DC-3133-851A-675ADCA3A409}.RelWithDebInfo|Win32.ActiveCfg = RelWithDebInfo|Win32
		{4AAEF315-7EAB-36E9-AA0B-0EDE0A7CED4E}.Debug|Win32.ActiveCfg = Debug|Win32
		{4AAEF315-7EAB-36E9-AA0B-0EDE0A7CED4E}.Release|Win32.ActiveCfg = Release|Win32
		{4AAEF315-7EAB-36E9-AA0B-0EDE0A7CED4E}.MinSizeRel|Win32.ActiveCfg = MinSizeRel|Win32
		{4AAEF315-7EAB-36E9-AA0B-0EDE0A7CED4E}.RelWithDebInfo|Win32.ActiveCfg = RelWithDebInfo|Win32
		{584C447E-34B1-36AB-BE03-F4BD539D9351}.Debug|Win32.ActiveCfg = Debug|Win32
		{584C447E-34B1-36AB-BE03-F4BD539D9351}.Debug|Win32.Build.0 = Debug|Win32
		{584C447E-34B1-36AB-BE03-F4BD539D9351}.Release|Win32.ActiveCfg = Release|Win32
		{584C447E-34B1-36AB-BE03-F4BD539D9351}.Release|Win32.Build.0 = Release|Win32
		{584C447E-34B1-36AB-BE03-F4BD539D9351}.MinSizeRel|Win32.ActiveCfg = MinSizeRel|Win32
		{584C447E-34B1-36AB-BE03-F4BD539D9351}.MinSizeRel|Win32.Build.0 = MinSizeRel|Win32
		{584C447E-34B1-36AB-BE03-F4BD539D9351}.RelWithDebInfo|Win32.ActiveCfg = RelWithDebInfo|Win32
		{584C447E-34B1-36AB-BE03-F4BD539D9351}.RelWithDebInfo|Win32.Build.0 = RelWithDebInfo|Win32
		{4FBB6F88-FFEC-3B15-B5E7-180B865D52E1}.Debug|Win32.ActiveCfg = Debug|Win32
		{4FBB6F88-FFEC-3B15-B5E7-180B865D52E1}.Debug|Win32.Build.0 = Debug|Win32
		{4FBB6F88-FFEC-3B15-B5E7-180B865D52E1}.Release|Win32.ActiveCfg = Release|Win32
		{4FBB6F88-FFEC-3B15-B5E7-180B865D52E1}.Release|Win32.Build.0 = Release|Win32
		{4FBB6F88-FFEC-3B15-B5E7-180B865D52E1}.MinSizeRel|Win32.ActiveCfg = MinSizeRel|Win32
		{4FBB6F88-FFEC-3B15-B5E7-180B865D52E1}.MinSizeRel|Win32.Build.0 = MinSizeRel|Win32
		{4FBB6F88-FFEC-3B15-B5E7-180B865D52E1}.RelWithDebInfo|Win32.ActiveCfg = RelWithDebInfo|Win32
		{4FBB6F88-FFEC-3B15-B5E7-180B865D52E1}.RelWithDebInfo|Win32.Build.0 = RelWithDebInfo|Win32
		{C748AAA4-C10A-3DF9-8831-FBC03380A343}.Debug|Win32.ActiveCfg = Debug|Win32
		{C748AAA4-C10A-3DF9-8831-FBC03380A343}.Debug|Win32.Build.0 = Debug|Win32
		{C748AAA4-C10A-3DF9-8831-FBC03380A343}.Release|Win32.ActiveCfg = Release|Win32
		{C748AAA4-C10A-3DF9-8831-FBC03380A343}.Release|Win32.Build.0 = Release|Win32
		{C748AAA4-C10A-3DF9-8831-FBC03380A343}.MinSizeRel|Win32.ActiveCfg = MinSizeRel|Win32
		{C748AAA4-C10A-3DF9-8831-FBC03380A343}.MinSizeRel|Win32.Build.0 = MinSizeRel|Win32
		{C748AAA4-C10A-3DF9-8831-FBC03380A343}.RelWithDebInfo|Win32.ActiveCfg = RelWithDebInfo|Win32
		{C748AAA4-C10A-3DF9-8831-FBC03380A343}.RelWithDebInfo|Win32.Build.0 = RelWithDebInfo|Win32
		{02EBE5DD-D805-3A5D-840F-FB9853FC41C4}.Debug|Win32.ActiveCfg = Debug|Win32
		{02EBE5DD-D805-3A5D-840F-FB9853FC41C4}.Debug|Win32.Build.0 = Debug|Win32
		{02EBE5DD-D805-3A5D-840F-FB9853FC41C4}.Release|Win32.ActiveCfg = Release|Win32
		{02EBE5DD-D805-3A5D-840F-FB9853FC41C4}.Release|Win32.Build.0 = Release|Win32
		{02EBE5DD-D805-3A5D-840F-FB9853FC41C4}.MinSizeRel|Win32.ActiveCfg = MinSizeRel|Win32
		{02EBE5DD-D805-3A5D-840F-FB9853FC41C4}.MinSizeRel|Win32.Build.0 = MinSizeRel|Win32
		{02EBE5DD-D805-3A5D-840F-FB9853FC41C4}.RelWithDebInfo|Win32.ActiveCfg = RelWithDebInfo|Win32
		{02EBE5DD-D805-3A5D-840F-FB9853FC41C4}.RelWithDebInfo|Win32.Build.0 = RelWithDebInfo|Win32
		{08F2613D-8653-34E0-B8B6-6A5FFE8BDE8E}.Debug|Win32.ActiveCfg = Debug|Win32
		{08F2613D-8653-34E0-B8B6-6A5FFE8BDE8E}.Debug|Win32.Build.0 = Debug|Win32
		{08F2613D-8653-34E0-B8B6-6A5FFE8BDE8E}.Release|Win32.ActiveCfg = Release|Win32
		{08F2613D-8653-34E0-B8B6-6A5FFE8BDE8E}.Release|Win32.Build.0 = Release|Win32
		{08F2613D-8653-34E0-B8B6-6A5FFE8BDE8E}.MinSizeRel|Win32.ActiveCfg = MinSizeRel|Win32
		{08F2613D-8653-34E0-B8B6-6A5FFE8BDE8E}.MinSizeRel|Win32.Build.0 = MinSizeRel|Win32
		{08F2613D-8653-34E0-B8B6-6A5FFE8BDE8E}.RelWithDebInfo|Win32.ActiveCfg = RelWithDebInfo|Win32
		{08F2613D-8653-34E0-B8B6-6A5FFE8BDE8E}.RelWithDebInfo|Win32.Build.0 = RelWithDebInfo|Win32
		{D7841211-E31A-352A-98D6-1209F7B0203B}.Debug|Win32.ActiveCfg = Debug|Win32
		{D7841211-E31A-352A-98D6-1209F7B0203B}.Debug|Win32.Build.0 = Debug|Win32
		{D7841211-E31A-352A-98D6-1209F7B0203B}.Release|Win32.ActiveCfg = Release|Win32
		{D7841211-E31A-352A-98D6-1209F7B0203B}.Release|Win32.Build.0 = Release|Win32
		{D7841211-E31A-352A-98D6-1209F7B0203B}.MinSizeRel|Win32.ActiveCfg = MinSizeRel|Win32
		{D7841211-E31A-352A-98D6-1209F7B0203B}.MinSizeRel|Win32.Build.0 = MinSizeRel|Win32
		{D7841211-E31A-352A-98D6-1209F7B0203B}.RelWithDebInfo|Win32.ActiveCfg = RelWithDebInfo|Win32
		{D7841211-E31A-352A-98D6-1209F7B0203B}.RelWithDebInfo|Win32.Build.0 = RelWithDebInfo|Win32
		{B95C4E1F-959E-3892-A230-7EB4D791F667}.Debug|Win32.ActiveCfg = Debug|Win32
		{B95C4E1F-959E-3892-A230-7EB4D791F667}.Debug|Win32.Build.0 = Debug|Win32
		{B95C4E1F-959E-3892-A230-7EB4D791F667}.Release|Win32.ActiveCfg = Release|Win32
		{B95C4E1F-959E-3892-A230-7EB4D791F667}.Release|Win32.Build.0 = Release|Win32
		{B95C4E1F-959E-3892-A230-7EB4D791F667}.MinSizeRel|Win32.ActiveCfg = MinSizeRel|Win32
		{B95C4E1F-959E-3892-A230-7EB4D791F667}.MinSizeRel|Win32.Build.0 = MinSizeRel|Win32
		{B95C4E1F-959E-3892-A230-7EB4D791F667}.RelWithDebInfo|Win32.ActiveCfg = RelWithDebInfo|Win32
		{B95C4E1F-959E-3892-A230-7EB4D791F667}.RelWithDebInfo|Win32.Build.0 = RelWithDebInfo|Win32
		{C7C5B950-F97C-32EF-A930-AB2D96A894A9}.Debug|Win32.ActiveCfg = Debug|Win32
		{C7C5B950-F97C-32EF-A930-AB2D96A894A9}.Debug|Win32.Build.0 = Debug|Win32
		{C7C5B950-F97C-32EF-A930-AB2D96A894A9}.Release|Win32.ActiveCfg = Release|Win32
		{C7C5B950-F97C-32EF-A930-AB2D96A894A9}.Release|Win32.Build.0 = Release|Win32
		{C7C5B950-F97C-32EF-A930-AB2D96A894A9}.MinSizeRel|Win32.ActiveCfg = MinSizeRel|Win32
		{C7C5B950-F97C-32EF-A930-AB2D96A894A9}.MinSizeRel|Win32.Build.0 = MinSizeRel|Win32
		{C7C5B950-F97C-32EF-A930-AB2D96A894A9}.RelWithDebInfo|Win32.ActiveCfg = RelWithDebInfo|Win32
		{C7C5B950-F97C-32EF-A930-AB2D96A894A9}.RelWithDebInfo|Win32.Build.0 = RelWithDebInfo|Win32
		{0631A9AB-4ABE-3EB3-B691-A09F3A7D6C53}.Debug|Win32.ActiveCfg = Debug|Win32
		{0631A9AB-4ABE-3EB3-B691-A09F3A7D6C53}.Debug|Win32.Build.0 = Debug|Win32
		{0631A9AB-4ABE-3EB3-B691-A09F3A7D6C53}.Release|Win32.ActiveCfg = Release|Win32
		{0631A9AB-4ABE-3EB3-B691-A09F3A7D6C53}.Release|Win32.Build.0 = Release|Win32
		{0631A9AB-4ABE-3EB3-B691-A09F3A7D6C53}.MinSizeRel|Win32.ActiveCfg = MinSizeRel|Win32
		{0631A9AB-4ABE-3EB3-B691-A09F3A7D6C53}.MinSizeRel|Win32.Build.0 = MinSizeRel|Win32
		{0631A9AB-4ABE-3EB3-B691-A09F3A7D6C53}.RelWithDebInfo|Win32.ActiveCfg = RelWithDebInfo|Win32
		{0631A9AB-4ABE-3EB3-B691-A09F3A7D6C53}.RelWithDebInfo|Win32.Build.0 = RelWithDebInfo|Win32
	EndGlobalSection
	GlobalSection(ExtensibilityGlobals) = postSolution
		SolutionGuid = {193E8513-81C3-30CD-B0A4-EE5C9F1BC6BC}
	EndGlobalSection
	GlobalSection(ExtensibilityAddIns) = postSolution
	EndGlobalSection
EndGlobal
